
Microsoft Visual Studio Solution File, Format Version 12.00
# Visual Studio Version 16
VisualStudioVersion = 16.0.31025.194
MinimumVisualStudioVersion = 10.0.40219.1
Project("{9A19103F-16F7-4668-BE54-9A1E7A4F7556}") = "CinemaService", "CinemaService\CinemaService.csproj", "{254B6C27-8C8F-4CDC-BAF1-BD4265CFA09D}"
EndProject
Project("{9A19103F-16F7-4668-BE54-9A1E7A4F7556}") = "CinemaData", "CinemaData\CinemaData.csproj", "{F66D6BE1-0A32-4B92-8389-7E44C815C4CB}"
EndProject
Project("{9A19103F-16F7-4668-BE54-9A1E7A4F7556}") = "DesktopClient", "DesktopClient\DesktopClient.csproj", "{5B0BFB9E-4AC8-4BDE-AD24-6141EE3F45B7}"
EndProject
Project("{9A19103F-16F7-4668-BE54-9A1E7A4F7556}") = "WebClient", "WebClient\WebClient.csproj", "{9AAB1F14-1B15-4464-918E-6F29F6840C03}"
EndProject
Project("{9A19103F-16F7-4668-BE54-9A1E7A4F7556}") = "CinemaDataTest", "CinemaDataTest\CinemaDataTest.csproj", "{0A28F4D7-01FB-4BC8-958E-A75061A4843B}"
EndProject
Project("{FAE04EC0-301F-11D3-BF4B-00C04F79EFBC}") = "APIAccess", "APIAccess\APIAccess.csproj", "{35357184-863B-4DE9-992C-7E45F977FB6D}"
EndProject
Project("{FAE04EC0-301F-11D3-BF4B-00C04F79EFBC}") = "WebClientMVC", "WebClientMVC\WebClientMVC.csproj", "{13284305-13AD-47D1-AA70-7AC86E1F35A7}"
EndProject
Global
	GlobalSection(SolutionConfigurationPlatforms) = preSolution
		Debug|Any CPU = Debug|Any CPU
		Release|Any CPU = Release|Any CPU
	EndGlobalSection
	GlobalSection(ProjectConfigurationPlatforms) = postSolution
		{254B6C27-8C8F-4CDC-BAF1-BD4265CFA09D}.Debug|Any CPU.ActiveCfg = Debug|Any CPU
		{254B6C27-8C8F-4CDC-BAF1-BD4265CFA09D}.Debug|Any CPU.Build.0 = Debug|Any CPU
		{254B6C27-8C8F-4CDC-BAF1-BD4265CFA09D}.Release|Any CPU.ActiveCfg = Release|Any CPU
		{254B6C27-8C8F-4CDC-BAF1-BD4265CFA09D}.Release|Any CPU.Build.0 = Release|Any CPU
		{F66D6BE1-0A32-4B92-8389-7E44C815C4CB}.Debug|Any CPU.ActiveCfg = Debug|Any CPU
		{F66D6BE1-0A32-4B92-8389-7E44C815C4CB}.Debug|Any CPU.Build.0 = Debug|Any CPU
		{F66D6BE1-0A32-4B92-8389-7E44C815C4CB}.Release|Any CPU.ActiveCfg = Release|Any CPU
		{F66D6BE1-0A32-4B92-8389-7E44C815C4CB}.Release|Any CPU.Build.0 = Release|Any CPU
		{5B0BFB9E-4AC8-4BDE-AD24-6141EE3F45B7}.Debug|Any CPU.ActiveCfg = Debug|Any CPU
		{5B0BFB9E-4AC8-4BDE-AD24-6141EE3F45B7}.Debug|Any CPU.Build.0 = Debug|Any CPU
		{5B0BFB9E-4AC8-4BDE-AD24-6141EE3F45B7}.Release|Any CPU.ActiveCfg = Release|Any CPU
		{5B0BFB9E-4AC8-4BDE-AD24-6141EE3F45B7}.Release|Any CPU.Build.0 = Release|Any CPU
		{9AAB1F14-1B15-4464-918E-6F29F6840C03}.Debug|Any CPU.ActiveCfg = Debug|Any CPU
		{9AAB1F14-1B15-4464-918E-6F29F6840C03}.Debug|Any CPU.Build.0 = Debug|Any CPU
		{9AAB1F14-1B15-4464-918E-6F29F6840C03}.Release|Any CPU.ActiveCfg = Release|Any CPU
		{9AAB1F14-1B15-4464-918E-6F29F6840C03}.Release|Any CPU.Build.0 = Release|Any CPU
		{0A28F4D7-01FB-4BC8-958E-A75061A4843B}.Debug|Any CPU.ActiveCfg = Debug|Any CPU
		{0A28F4D7-01FB-4BC8-958E-A75061A4843B}.Debug|Any CPU.Build.0 = Debug|Any CPU
		{0A28F4D7-01FB-4BC8-958E-A75061A4843B}.Release|Any CPU.ActiveCfg = Release|Any CPU
		{0A28F4D7-01FB-4BC8-958E-A75061A4843B}.Release|Any CPU.Build.0 = Release|Any CPU
		{35357184-863B-4DE9-992C-7E45F977FB6D}.Debug|Any CPU.ActiveCfg = Debug|Any CPU
		{35357184-863B-4DE9-992C-7E45F977FB6D}.Debug|Any CPU.Build.0 = Debug|Any CPU
		{35357184-863B-4DE9-992C-7E45F977FB6D}.Release|Any CPU.ActiveCfg = Release|Any CPU
		{35357184-863B-4DE9-992C-7E45F977FB6D}.Release|Any CPU.Build.0 = Release|Any CPU
		{13284305-13AD-47D1-AA70-7AC86E1F35A7}.Debug|Any CPU.ActiveCfg = Debug|Any CPU
		{13284305-13AD-47D1-AA70-7AC86E1F35A7}.Debug|Any CPU.Build.0 = Debug|Any CPU
		{13284305-13AD-47D1-AA70-7AC86E1F35A7}.Release|Any CPU.ActiveCfg = Release|Any CPU
		{13284305-13AD-47D1-AA70-7AC86E1F35A7}.Release|Any CPU.Build.0 = Release|Any CPU
	EndGlobalSection
	GlobalSection(SolutionProperties) = preSolution
		HideSolutionNode = FALSE
	EndGlobalSection
	GlobalSection(ExtensibilityGlobals) = postSolution
		SolutionGuid = {4FA391C2-EA2E-4012-844B-1664341F6FCE}
	EndGlobalSection
EndGlobal
